schema: '2.0'
stages:
  data_ingestion:
    cmd: python src/wineQualityPre/pipeline/stage_01_data_ingestion.py
    deps:
    - path: config/config.yaml
      hash: md5
      md5: 7545ca01add96aaa832fc1a0cea8c905
      size: 1006
    - path: src/wineQualityPre/pipeline/stage_01_data_ingestion.py
      hash: md5
      md5: 194021f908cd71e72f5bee90e15b2175
      size: 921
    outs:
    - path: artifacts/data_ingestion/winequality-red.csv
      hash: md5
      md5: 6a883fd98624e18c0b7ce251f4fab4fb
      size: 100951
  data_validation:
    cmd: python src/wineQualityPre/pipeline/stage_02_data_validation.py
    deps:
    - path: artifacts/data_ingestion/winequality-red.csv
      hash: md5
      md5: 6a883fd98624e18c0b7ce251f4fab4fb
      size: 100951
    - path: config/config.yaml
      hash: md5
      md5: 7545ca01add96aaa832fc1a0cea8c905
      size: 1006
    - path: src/wineQualityPre/pipeline/stage_02_data_validation.py
      hash: md5
      md5: fc898b9ea77bc36e558175a4b527a69d
      size: 888
    outs:
    - path: artifacts/data_validation/status.txt
      hash: md5
      md5: 86e6a2f694c57a675b3e2da6b95ff9ba
      size: 23
  data_transformation:
    cmd: python src/wineQualityPre/pipeline/stage_03_data_transformation.py
    deps:
    - path: artifacts/data_ingestion/winequality-red.csv
      hash: md5
      md5: 6a883fd98624e18c0b7ce251f4fab4fb
      size: 100951
    - path: artifacts/data_validation/status.txt
      hash: md5
      md5: 86e6a2f694c57a675b3e2da6b95ff9ba
      size: 23
    - path: config/config.yaml
      hash: md5
      md5: 7545ca01add96aaa832fc1a0cea8c905
      size: 1006
    - path: src/wineQualityPre/pipeline/stage_03_data_transformation.py
      hash: md5
      md5: 989d80e8a21d17a080212c88b59378f8
      size: 1333
    outs:
    - path: artifacts/data_transformation/test.csv
      hash: md5
      md5: c5712383095bf224c6289db5028aae9b
      size: 23860
    - path: artifacts/data_transformation/train.csv
      hash: md5
      md5: 6b3b7cb1f3d0f4c01c9a36db5295c13c
      size: 71372
  model_training:
    cmd: python src/wineQualityPre/pipeline/stage_04_model_trainer.py
    deps:
    - path: artifacts/data_transformation/test.csv
      hash: md5
      md5: c5712383095bf224c6289db5028aae9b
      size: 23860
    - path: artifacts/data_transformation/train.csv
      hash: md5
      md5: 6b3b7cb1f3d0f4c01c9a36db5295c13c
      size: 71372
    - path: config/config.yaml
      hash: md5
      md5: 7545ca01add96aaa832fc1a0cea8c905
      size: 1006
    - path: src/wineQualityPre/pipeline/stage_04_model_trainer.py
      hash: md5
      md5: 53cd1ec292725adf75fb97dfb3ae01d6
      size: 869
    params:
      params.yaml:
        ElasticNet.alpha: 0.2
        ElasticNet.l1_ratio: 0.01
    outs:
    - path: artifacts/model_trainer/model.joblib
      hash: md5
      md5: e0eda2816c3c04835864dc2e7d1dbb4a
      size: 1279
  model_evaluation:
    cmd: python src/wineQualityPre/pipeline/stage_05_model_evaluation.py
    deps:
    - path: artifacts/data_transformation/test.csv
      hash: md5
      md5: c5712383095bf224c6289db5028aae9b
      size: 23860
    - path: artifacts/model_trainer/model.joblib
      hash: md5
      md5: e0eda2816c3c04835864dc2e7d1dbb4a
      size: 1279
    - path: config/config.yaml
      hash: md5
      md5: 7545ca01add96aaa832fc1a0cea8c905
      size: 1006
    - path: src/wineQualityPre/pipeline/stage_05_model_evaluation.py
      hash: md5
      md5: 55dbfe434dabe16e7aa51ec24091ffeb
      size: 906
